// !$*UTF8*$!
{
	archiveVersion = 1;
	classes = {
	};
	objectVersion = 55;
	objects = {

/* Begin PBXBuildFile section */
		7C533664275E7AB200F61191 /* LaunchView.swift in Sources */ = {isa = PBXBuildFile; fileRef = 7C533663275E7AB200F61191 /* LaunchView.swift */; };
		7C533668275E7AF300F61191 /* HomeView.swift in Sources */ = {isa = PBXBuildFile; fileRef = 7C533667275E7AF300F61191 /* HomeView.swift */; };
		7C53366B275E7D3400F61191 /* BusinessList.swift in Sources */ = {isa = PBXBuildFile; fileRef = 7C53366A275E7D3400F61191 /* BusinessList.swift */; };
		7C53366D275E802F00F61191 /* BusinessSectionHeader.swift in Sources */ = {isa = PBXBuildFile; fileRef = 7C53366C275E802F00F61191 /* BusinessSectionHeader.swift */; };
		7C53366F275E80CE00F61191 /* BusinessSection.swift in Sources */ = {isa = PBXBuildFile; fileRef = 7C53366E275E80CE00F61191 /* BusinessSection.swift */; };
		7C533671275E837C00F61191 /* BusinessRow.swift in Sources */ = {isa = PBXBuildFile; fileRef = 7C533670275E837C00F61191 /* BusinessRow.swift */; };
		7CD4789427552C2D006FF55A /* IOSCitySightsApp.swift in Sources */ = {isa = PBXBuildFile; fileRef = 7CD4789327552C2D006FF55A /* IOSCitySightsApp.swift */; };
		7CD4789827552C30006FF55A /* Assets.xcassets in Resources */ = {isa = PBXBuildFile; fileRef = 7CD4789727552C30006FF55A /* Assets.xcassets */; };
		7CD4789B27552C30006FF55A /* Preview Assets.xcassets in Resources */ = {isa = PBXBuildFile; fileRef = 7CD4789A27552C30006FF55A /* Preview Assets.xcassets */; };
		7CD478A527552C30006FF55A /* IOSCitySightTests.swift in Sources */ = {isa = PBXBuildFile; fileRef = 7CD478A427552C30006FF55A /* IOSCitySightTests.swift */; };
		7CD478AF27552C30006FF55A /* IOSCitySightUITests.swift in Sources */ = {isa = PBXBuildFile; fileRef = 7CD478AE27552C30006FF55A /* IOSCitySightUITests.swift */; };
		7CD478B127552C30006FF55A /* IOSCitySightUITestsLaunchTests.swift in Sources */ = {isa = PBXBuildFile; fileRef = 7CD478B027552C30006FF55A /* IOSCitySightUITestsLaunchTests.swift */; };
		7CD478C127552D2A006FF55A /* ListView.swift in Sources */ = {isa = PBXBuildFile; fileRef = 7CD478C027552D2A006FF55A /* ListView.swift */; };
		7CD478C327552D39006FF55A /* MapView.swift in Sources */ = {isa = PBXBuildFile; fileRef = 7CD478C227552D39006FF55A /* MapView.swift */; };
		7CD478C527552D42006FF55A /* BusinessDetail.swift in Sources */ = {isa = PBXBuildFile; fileRef = 7CD478C427552D42006FF55A /* BusinessDetail.swift */; };
		7CD478C727552D4F006FF55A /* DirectionsView.swift in Sources */ = {isa = PBXBuildFile; fileRef = 7CD478C627552D4F006FF55A /* DirectionsView.swift */; };
		7CD478C927552D94006FF55A /* OnboardingView.swift in Sources */ = {isa = PBXBuildFile; fileRef = 7CD478C827552D94006FF55A /* OnboardingView.swift */; };
		7CD478CB27552DA5006FF55A /* ContentModel.swift in Sources */ = {isa = PBXBuildFile; fileRef = 7CD478CA27552DA5006FF55A /* ContentModel.swift */; };
		7CD478CD27553C2B006FF55A /* Business.swift in Sources */ = {isa = PBXBuildFile; fileRef = 7CD478CC27553C2B006FF55A /* Business.swift */; };
		7CD478CF27553DDC006FF55A /* BusinessSearch.swift in Sources */ = {isa = PBXBuildFile; fileRef = 7CD478CE27553DDC006FF55A /* BusinessSearch.swift */; };
		7CD478D227553F99006FF55A /* Constants.swift in Sources */ = {isa = PBXBuildFile; fileRef = 7CD478D127553F99006FF55A /* Constants.swift */; };
/* End PBXBuildFile section */

/* Begin PBXContainerItemProxy section */
		7CD478A127552C30006FF55A /* PBXContainerItemProxy */ = {
			isa = PBXContainerItemProxy;
			containerPortal = 7CD4788827552C2D006FF55A /* Project object */;
			proxyType = 1;
			remoteGlobalIDString = 7CD4788F27552C2D006FF55A;
			remoteInfo = IOSCitySight;
		};
		7CD478AB27552C30006FF55A /* PBXContainerItemProxy */ = {
			isa = PBXContainerItemProxy;
			containerPortal = 7CD4788827552C2D006FF55A /* Project object */;
			proxyType = 1;
			remoteGlobalIDString = 7CD4788F27552C2D006FF55A;
			remoteInfo = IOSCitySight;
		};
/* End PBXContainerItemProxy section */

/* Begin PBXFileReference section */
		7C533663275E7AB200F61191 /* LaunchView.swift */ = {isa = PBXFileReference; lastKnownFileType = sourcecode.swift; path = LaunchView.swift; sourceTree = "<group>"; };
		7C533667275E7AF300F61191 /* HomeView.swift */ = {isa = PBXFileReference; lastKnownFileType = sourcecode.swift; path = "\U0010HomeView.swift"; sourceTree = "<group>"; };
		7C53366A275E7D3400F61191 /* BusinessList.swift */ = {isa = PBXFileReference; lastKnownFileType = sourcecode.swift; path = BusinessList.swift; sourceTree = "<group>"; };
		7C53366C275E802F00F61191 /* BusinessSectionHeader.swift */ = {isa = PBXFileReference; lastKnownFileType = sourcecode.swift; path = BusinessSectionHeader.swift; sourceTree = "<group>"; };
		7C53366E275E80CE00F61191 /* BusinessSection.swift */ = {isa = PBXFileReference; lastKnownFileType = sourcecode.swift; path = BusinessSection.swift; sourceTree = "<group>"; };
		7C533670275E837C00F61191 /* BusinessRow.swift */ = {isa = PBXFileReference; lastKnownFileType = sourcecode.swift; path = BusinessRow.swift; sourceTree = "<group>"; };
		7CD4789027552C2D006FF55A /* IOSCitySights.app */ = {isa = PBXFileReference; explicitFileType = wrapper.application; includeInIndex = 0; path = IOSCitySights.app; sourceTree = BUILT_PRODUCTS_DIR; };
		7CD4789327552C2D006FF55A /* IOSCitySightsApp.swift */ = {isa = PBXFileReference; lastKnownFileType = sourcecode.swift; path = IOSCitySightsApp.swift; sourceTree = "<group>"; };
		7CD4789727552C30006FF55A /* Assets.xcassets */ = {isa = PBXFileReference; lastKnownFileType = folder.assetcatalog; path = Assets.xcassets; sourceTree = "<group>"; };
		7CD4789A27552C30006FF55A /* Preview Assets.xcassets */ = {isa = PBXFileReference; lastKnownFileType = folder.assetcatalog; path = "Preview Assets.xcassets"; sourceTree = "<group>"; };
		7CD478A027552C30006FF55A /* IOSCitySightsTests.xctest */ = {isa = PBXFileReference; explicitFileType = wrapper.cfbundle; includeInIndex = 0; path = IOSCitySightsTests.xctest; sourceTree = BUILT_PRODUCTS_DIR; };
		7CD478A427552C30006FF55A /* IOSCitySightTests.swift */ = {isa = PBXFileReference; lastKnownFileType = sourcecode.swift; path = IOSCitySightTests.swift; sourceTree = "<group>"; };
		7CD478AA27552C30006FF55A /* IOSCitySightsUITests.xctest */ = {isa = PBXFileReference; explicitFileType = wrapper.cfbundle; includeInIndex = 0; path = IOSCitySightsUITests.xctest; sourceTree = BUILT_PRODUCTS_DIR; };
		7CD478AE27552C30006FF55A /* IOSCitySightUITests.swift */ = {isa = PBXFileReference; lastKnownFileType = sourcecode.swift; path = IOSCitySightUITests.swift; sourceTree = "<group>"; };
		7CD478B027552C30006FF55A /* IOSCitySightUITestsLaunchTests.swift */ = {isa = PBXFileReference; lastKnownFileType = sourcecode.swift; path = IOSCitySightUITestsLaunchTests.swift; sourceTree = "<group>"; };
		7CD478C027552D2A006FF55A /* ListView.swift */ = {isa = PBXFileReference; lastKnownFileType = sourcecode.swift; path = ListView.swift; sourceTree = "<group>"; };
		7CD478C227552D39006FF55A /* MapView.swift */ = {isa = PBXFileReference; lastKnownFileType = sourcecode.swift; path = MapView.swift; sourceTree = "<group>"; };
		7CD478C427552D42006FF55A /* BusinessDetail.swift */ = {isa = PBXFileReference; lastKnownFileType = sourcecode.swift; path = BusinessDetail.swift; sourceTree = "<group>"; };
		7CD478C627552D4F006FF55A /* DirectionsView.swift */ = {isa = PBXFileReference; lastKnownFileType = sourcecode.swift; path = DirectionsView.swift; sourceTree = "<group>"; };
		7CD478C827552D94006FF55A /* OnboardingView.swift */ = {isa = PBXFileReference; lastKnownFileType = sourcecode.swift; path = OnboardingView.swift; sourceTree = "<group>"; };
		7CD478CA27552DA5006FF55A /* ContentModel.swift */ = {isa = PBXFileReference; lastKnownFileType = sourcecode.swift; path = ContentModel.swift; sourceTree = "<group>"; };
		7CD478CC27553C2B006FF55A /* Business.swift */ = {isa = PBXFileReference; lastKnownFileType = sourcecode.swift; path = Business.swift; sourceTree = "<group>"; };
		7CD478CE27553DDC006FF55A /* BusinessSearch.swift */ = {isa = PBXFileReference; lastKnownFileType = sourcecode.swift; path = BusinessSearch.swift; sourceTree = "<group>"; };
		7CD478D127553F99006FF55A /* Constants.swift */ = {isa = PBXFileReference; lastKnownFileType = sourcecode.swift; path = Constants.swift; sourceTree = "<group>"; };
/* End PBXFileReference section */

/* Begin PBXFrameworksBuildPhase section */
		7CD4788D27552C2D006FF55A /* Frameworks */ = {
			isa = PBXFrameworksBuildPhase;
			buildActionMask = 2147483647;
			files = (
			);
			runOnlyForDeploymentPostprocessing = 0;
		};
		7CD4789D27552C30006FF55A /* Frameworks */ = {
			isa = PBXFrameworksBuildPhase;
			buildActionMask = 2147483647;
			files = (
			);
			runOnlyForDeploymentPostprocessing = 0;
		};
		7CD478A727552C30006FF55A /* Frameworks */ = {
			isa = PBXFrameworksBuildPhase;
			buildActionMask = 2147483647;
			files = (
			);
			runOnlyForDeploymentPostprocessing = 0;
		};
/* End PBXFrameworksBuildPhase section */

/* Begin PBXGroup section */
		7C533665275E7AD700F61191 /* Home */ = {
			isa = PBXGroup;
			children = (
				7C533667275E7AF300F61191 /* HomeView.swift */,
				7C533669275E7D0800F61191 /* List */,
				7C533672275E886000F61191 /* Detail */,
			);
			path = Home;
			sourceTree = "<group>";
		};
		7C533666275E7AE100F61191 /* Onboarding */ = {
			isa = PBXGroup;
			children = (
				7CD478C827552D94006FF55A /* OnboardingView.swift */,
			);
			path = Onboarding;
			sourceTree = "<group>";
		};
		7C533669275E7D0800F61191 /* List */ = {
			isa = PBXGroup;
			children = (
				7C53366A275E7D3400F61191 /* BusinessList.swift */,
				7C533670275E837C00F61191 /* BusinessRow.swift */,
				7C53366E275E80CE00F61191 /* BusinessSection.swift */,
				7C53366C275E802F00F61191 /* BusinessSectionHeader.swift */,
			);
			path = List;
			sourceTree = "<group>";
		};
		7C533672275E886000F61191 /* Detail */ = {
			isa = PBXGroup;
			children = (
				7CD478C427552D42006FF55A /* BusinessDetail.swift */,
			);
			path = Detail;
			sourceTree = "<group>";
		};
		7CD4788727552C2D006FF55A = {
			isa = PBXGroup;
			children = (
				7CD4789227552C2D006FF55A /* IOSCitySights */,
				7CD478A327552C30006FF55A /* IOSCitySightTests */,
				7CD478AD27552C30006FF55A /* IOSCitySightUITests */,
				7CD4789127552C2D006FF55A /* Products */,
			);
			sourceTree = "<group>";
		};
		7CD4789127552C2D006FF55A /* Products */ = {
			isa = PBXGroup;
			children = (
				7CD4789027552C2D006FF55A /* IOSCitySights.app */,
				7CD478A027552C30006FF55A /* IOSCitySightsTests.xctest */,
				7CD478AA27552C30006FF55A /* IOSCitySightsUITests.xctest */,
			);
			name = Products;
			sourceTree = "<group>";
		};
		7CD4789227552C2D006FF55A /* IOSCitySights */ = {
			isa = PBXGroup;
			children = (
				7CD4789327552C2D006FF55A /* IOSCitySightsApp.swift */,
				7CD478D027553F8F006FF55A /* Helpers */,
				7CD478BF27552CDC006FF55A /* Models */,
				7CD478BD27552CC6006FF55A /* Views */,
				7CD478BE27552CCC006FF55A /* ViewModels */,
				7CD4789727552C30006FF55A /* Assets.xcassets */,
				7CD4789927552C30006FF55A /* Preview Content */,
			);
			path = IOSCitySights;
			sourceTree = "<group>";
		};
		7CD4789927552C30006FF55A /* Preview Content */ = {
			isa = PBXGroup;
			children = (
				7CD4789A27552C30006FF55A /* Preview Assets.xcassets */,
			);
			path = "Preview Content";
			sourceTree = "<group>";
		};
		7CD478A327552C30006FF55A /* IOSCitySightTests */ = {
			isa = PBXGroup;
			children = (
				7CD478A427552C30006FF55A /* IOSCitySightTests.swift */,
			);
			path = IOSCitySightTests;
			sourceTree = "<group>";
		};
		7CD478AD27552C30006FF55A /* IOSCitySightUITests */ = {
			isa = PBXGroup;
			children = (
				7CD478AE27552C30006FF55A /* IOSCitySightUITests.swift */,
				7CD478B027552C30006FF55A /* IOSCitySightUITestsLaunchTests.swift */,
			);
			path = IOSCitySightUITests;
			sourceTree = "<group>";
		};
		7CD478BD27552CC6006FF55A /* Views */ = {
			isa = PBXGroup;
			children = (
				7C533666275E7AE100F61191 /* Onboarding */,
				7C533665275E7AD700F61191 /* Home */,
				7CD478C027552D2A006FF55A /* ListView.swift */,
				7CD478C227552D39006FF55A /* MapView.swift */,
				7CD478C627552D4F006FF55A /* DirectionsView.swift */,
				7C533663275E7AB200F61191 /* LaunchView.swift */,
			);
			path = Views;
			sourceTree = "<group>";
		};
		7CD478BE27552CCC006FF55A /* ViewModels */ = {
			isa = PBXGroup;
			children = (
				7CD478CA27552DA5006FF55A /* ContentModel.swift */,
			);
			path = ViewModels;
			sourceTree = "<group>";
		};
		7CD478BF27552CDC006FF55A /* Models */ = {
			isa = PBXGroup;
			children = (
				7CD478CC27553C2B006FF55A /* Business.swift */,
				7CD478CE27553DDC006FF55A /* BusinessSearch.swift */,
			);
			path = Models;
			sourceTree = "<group>";
		};
		7CD478D027553F8F006FF55A /* Helpers */ = {
			isa = PBXGroup;
			children = (
				7CD478D127553F99006FF55A /* Constants.swift */,
			);
			path = Helpers;
			sourceTree = "<group>";
		};
/* End PBXGroup section */

/* Begin PBXNativeTarget section */
		7CD4788F27552C2D006FF55A /* IOSCitySights */ = {
			isa = PBXNativeTarget;
			buildConfigurationList = 7CD478B427552C30006FF55A /* Build configuration list for PBXNativeTarget "IOSCitySights" */;
			buildPhases = (
				7CD4788C27552C2D006FF55A /* Sources */,
				7CD4788D27552C2D006FF55A /* Frameworks */,
				7CD4788E27552C2D006FF55A /* Resources */,
			);
			buildRules = (
			);
			dependencies = (
			);
			name = IOSCitySights;
			productName = IOSCitySight;
			productReference = 7CD4789027552C2D006FF55A /* IOSCitySights.app */;
			productType = "com.apple.product-type.application";
		};
		7CD4789F27552C30006FF55A /* IOSCitySightsTests */ = {
			isa = PBXNativeTarget;
			buildConfigurationList = 7CD478B727552C30006FF55A /* Build configuration list for PBXNativeTarget "IOSCitySightsTests" */;
			buildPhases = (
				7CD4789C27552C30006FF55A /* Sources */,
				7CD4789D27552C30006FF55A /* Frameworks */,
				7CD4789E27552C30006FF55A /* Resources */,
			);
			buildRules = (
			);
			dependencies = (
				7CD478A227552C30006FF55A /* PBXTargetDependency */,
			);
			name = IOSCitySightsTests;
			productName = IOSCitySightTests;
			productReference = 7CD478A027552C30006FF55A /* IOSCitySightsTests.xctest */;
			productType = "com.apple.product-type.bundle.unit-test";
		};
		7CD478A927552C30006FF55A /* IOSCitySightsUITests */ = {
			isa = PBXNativeTarget;
			buildConfigurationList = 7CD478BA27552C30006FF55A /* Build configuration list for PBXNativeTarget "IOSCitySightsUITests" */;
			buildPhases = (
				7CD478A627552C30006FF55A /* Sources */,
				7CD478A727552C30006FF55A /* Frameworks */,
				7CD478A827552C30006FF55A /* Resources */,
			);
			buildRules = (
			);
			dependencies = (
				7CD478AC27552C30006FF55A /* PBXTargetDependency */,
			);
			name = IOSCitySightsUITests;
			productName = IOSCitySightUITests;
			productReference = 7CD478AA27552C30006FF55A /* IOSCitySightsUITests.xctest */;
			productType = "com.apple.product-type.bundle.ui-testing";
		};
/* End PBXNativeTarget section */

/* Begin PBXProject section */
		7CD4788827552C2D006FF55A /* Project object */ = {
			isa = PBXProject;
			attributes = {
				BuildIndependentTargetsInParallel = 1;
				LastSwiftUpdateCheck = 1310;
				LastUpgradeCheck = 1310;
				TargetAttributes = {
					7CD4788F27552C2D006FF55A = {
						CreatedOnToolsVersion = 13.1;
					};
					7CD4789F27552C30006FF55A = {
						CreatedOnToolsVersion = 13.1;
						TestTargetID = 7CD4788F27552C2D006FF55A;
					};
					7CD478A927552C30006FF55A = {
						CreatedOnToolsVersion = 13.1;
						TestTargetID = 7CD4788F27552C2D006FF55A;
					};
				};
			};
			buildConfigurationList = 7CD4788B27552C2D006FF55A /* Build configuration list for PBXProject "IOSCitySights" */;
			compatibilityVersion = "Xcode 13.0";
			developmentRegion = en;
			hasScannedForEncodings = 0;
			knownRegions = (
				en,
				Base,
			);
			mainGroup = 7CD4788727552C2D006FF55A;
			productRefGroup = 7CD4789127552C2D006FF55A /* Products */;
			projectDirPath = "";
			projectRoot = "";
			targets = (
				7CD4788F27552C2D006FF55A /* IOSCitySights */,
				7CD4789F27552C30006FF55A /* IOSCitySightsTests */,
				7CD478A927552C30006FF55A /* IOSCitySightsUITests */,
			);
		};
/* End PBXProject section */

/* Begin PBXResourcesBuildPhase section */
		7CD4788E27552C2D006FF55A /* Resources */ = {
			isa = PBXResourcesBuildPhase;
			buildActionMask = 2147483647;
			files = (
				7CD4789B27552C30006FF55A /* Preview Assets.xcassets in Resources */,
				7CD4789827552C30006FF55A /* Assets.xcassets in Resources */,
			);
			runOnlyForDeploymentPostprocessing = 0;
		};
		7CD4789E27552C30006FF55A /* Resources */ = {
			isa = PBXResourcesBuildPhase;
			buildActionMask = 2147483647;
			files = (
			);
			runOnlyForDeploymentPostprocessing = 0;
		};
		7CD478A827552C30006FF55A /* Resources */ = {
			isa = PBXResourcesBuildPhase;
			buildActionMask = 2147483647;
			files = (
			);
			runOnlyForDeploymentPostprocessing = 0;
		};
/* End PBXResourcesBuildPhase section */

/* Begin PBXSourcesBuildPhase section */
		7CD4788C27552C2D006FF55A /* Sources */ = {
			isa = PBXSourcesBuildPhase;
			buildActionMask = 2147483647;
			files = (
				7C533671275E837C00F61191 /* BusinessRow.swift in Sources */,
				7C533668275E7AF300F61191 /* HomeView.swift in Sources */,
				7C533664275E7AB200F61191 /* LaunchView.swift in Sources */,
				7CD478D227553F99006FF55A /* Constants.swift in Sources */,
				7CD478CB27552DA5006FF55A /* ContentModel.swift in Sources */,
				7CD478C527552D42006FF55A /* BusinessDetail.swift in Sources */,
				7CD478CF27553DDC006FF55A /* BusinessSearch.swift in Sources */,
				7CD478C327552D39006FF55A /* MapView.swift in Sources */,
				7C53366F275E80CE00F61191 /* BusinessSection.swift in Sources */,
				7CD4789427552C2D006FF55A /* IOSCitySightsApp.swift in Sources */,
				7C53366D275E802F00F61191 /* BusinessSectionHeader.swift in Sources */,
				7CD478C727552D4F006FF55A /* DirectionsView.swift in Sources */,
				7CD478C127552D2A006FF55A /* ListView.swift in Sources */,
				7C53366B275E7D3400F61191 /* BusinessList.swift in Sources */,
				7CD478C927552D94006FF55A /* OnboardingView.swift in Sources */,
				7CD478CD27553C2B006FF55A /* Business.swift in Sources */,
			);
			runOnlyForDeploymentPostprocessing = 0;
		};
		7CD4789C27552C30006FF55A /* Sources */ = {
			isa = PBXSourcesBuildPhase;
			buildActionMask = 2147483647;
			files = (
				7CD478A527552C30006FF55A /* IOSCitySightTests.swift in Sources */,
			);
			runOnlyForDeploymentPostprocessing = 0;
		};
		7CD478A627552C30006FF55A /* Sources */ = {
			isa = PBXSourcesBuildPhase;
			buildActionMask = 2147483647;
			files = (
				7CD478AF27552C30006FF55A /* IOSCitySightUITests.swift in Sources */,
				7CD478B127552C30006FF55A /* IOSCitySightUITestsLaunchTests.swift in Sources */,
			);
			runOnlyForDeploymentPostprocessing = 0;
		};
/* End PBXSourcesBuildPhase section */

/* Begin PBXTargetDependency section */
		7CD478A227552C30006FF55A /* PBXTargetDependency */ = {
			isa = PBXTargetDependency;
			target = 7CD4788F27552C2D006FF55A /* IOSCitySights */;
			targetProxy = 7CD478A127552C30006FF55A /* PBXContainerItemProxy */;
		};
		7CD478AC27552C30006FF55A /* PBXTargetDependency */ = {
			isa = PBXTargetDependency;
			target = 7CD4788F27552C2D006FF55A /* IOSCitySights */;
			targetProxy = 7CD478AB27552C30006FF55A /* PBXContainerItemProxy */;
		};
/* End PBXTargetDependency section */

/* Begin XCBuildConfiguration section */
		7CD478B227552C30006FF55A /* Debug */ = {
			isa = XCBuildConfiguration;
			buildSettings = {
				ALWAYS_SEARCH_USER_PATHS = NO;
				CLANG_ANALYZER_NONNULL = YES;
				CLANG_ANALYZER_NUMBER_OBJECT_CONVERSION = YES_AGGRESSIVE;
				CLANG_CXX_LANGUAGE_STANDARD = "gnu++17";
				CLANG_CXX_LIBRARY = "libc++";
				CLANG_ENABLE_MODULES = YES;
				CLANG_ENABLE_OBJC_ARC = YES;
				CLANG_ENABLE_OBJC_WEAK = YES;
				CLANG_WARN_BLOCK_CAPTURE_AUTORELEASING = YES;
				CLANG_WARN_BOOL_CONVERSION = YES;
				CLANG_WARN_COMMA = YES;
				CLANG_WARN_CONSTANT_CONVERSION = YES;
				CLANG_WARN_DEPRECATED_OBJC_IMPLEMENTATIONS = YES;
				CLANG_WARN_DIRECT_OBJC_ISA_USAGE = YES_ERROR;
				CLANG_WARN_DOCUMENTATION_COMMENTS = YES;
				CLANG_WARN_EMPTY_BODY = YES;
				CLANG_WARN_ENUM_CONVERSION = YES;
				CLANG_WARN_INFINITE_RECURSION = YES;
				CLANG_WARN_INT_CONVERSION = YES;
				CLANG_WARN_NON_LITERAL_NULL_CONVERSION = YES;
				CLANG_WARN_OBJC_IMPLICIT_RETAIN_SELF = YES;
				CLANG_WARN_OBJC_LITERAL_CONVERSION = YES;
				CLANG_WARN_OBJC_ROOT_CLASS = YES_ERROR;
				CLANG_WARN_QUOTED_INCLUDE_IN_FRAMEWORK_HEADER = YES;
				CLANG_WARN_RANGE_LOOP_ANALYSIS = YES;
				CLANG_WARN_STRICT_PROTOTYPES = YES;
				CLANG_WARN_SUSPICIOUS_MOVE = YES;
				CLANG_WARN_UNGUARDED_AVAILABILITY = YES_AGGRESSIVE;
				CLANG_WARN_UNREACHABLE_CODE = YES;
				CLANG_WARN__DUPLICATE_METHOD_MATCH = YES;
				COPY_PHASE_STRIP = NO;
				DEBUG_INFORMATION_FORMAT = dwarf;
				ENABLE_STRICT_OBJC_MSGSEND = YES;
				ENABLE_TESTABILITY = YES;
				GCC_C_LANGUAGE_STANDARD = gnu11;
				GCC_DYNAMIC_NO_PIC = NO;
				GCC_NO_COMMON_BLOCKS = YES;
				GCC_OPTIMIZATION_LEVEL = 0;
				GCC_PREPROCESSOR_DEFINITIONS = (
					"DEBUG=1",
					"$(inherited)",
				);
				GCC_WARN_64_TO_32_BIT_CONVERSION = YES;
				GCC_WARN_ABOUT_RETURN_TYPE = YES_ERROR;
				GCC_WARN_UNDECLARED_SELECTOR = YES;
				GCC_WARN_UNINITIALIZED_AUTOS = YES_AGGRESSIVE;
				GCC_WARN_UNUSED_FUNCTION = YES;
				GCC_WARN_UNUSED_VARIABLE = YES;
				IPHONEOS_DEPLOYMENT_TARGET = 15.0;
				MTL_ENABLE_DEBUG_INFO = INCLUDE_SOURCE;
				MTL_FAST_MATH = YES;
				ONLY_ACTIVE_ARCH = YES;
				SDKROOT = iphoneos;
				SWIFT_ACTIVE_COMPILATION_CONDITIONS = DEBUG;
				SWIFT_OPTIMIZATION_LEVEL = "-Onone";
			};
			name = Debug;
		};
		7CD478B327552C30006FF55A /* Release */ = {
			isa = XCBuildConfiguration;
			buildSettings = {
				ALWAYS_SEARCH_USER_PATHS = NO;
				CLANG_ANALYZER_NONNULL = YES;
				CLANG_ANALYZER_NUMBER_OBJECT_CONVERSION = YES_AGGRESSIVE;
				CLANG_CXX_LANGUAGE_STANDARD = "gnu++17";
				CLANG_CXX_LIBRARY = "libc++";
				CLANG_ENABLE_MODULES = YES;
				CLANG_ENABLE_OBJC_ARC = YES;
				CLANG_ENABLE_OBJC_WEAK = YES;
				CLANG_WARN_BLOCK_CAPTURE_AUTORELEASING = YES;
				CLANG_WARN_BOOL_CONVERSION = YES;
				CLANG_WARN_COMMA = YES;
				CLANG_WARN_CONSTANT_CONVERSION = YES;
				CLANG_WARN_DEPRECATED_OBJC_IMPLEMENTATIONS = YES;
				CLANG_WARN_DIRECT_OBJC_ISA_USAGE = YES_ERROR;
				CLANG_WARN_DOCUMENTATION_COMMENTS = YES;
				CLANG_WARN_EMPTY_BODY = YES;
				CLANG_WARN_ENUM_CONVERSION = YES;
				CLANG_WARN_INFINITE_RECURSION = YES;
				CLANG_WARN_INT_CONVERSION = YES;
				CLANG_WARN_NON_LITERAL_NULL_CONVERSION = YES;
				CLANG_WARN_OBJC_IMPLICIT_RETAIN_SELF = YES;
				CLANG_WARN_OBJC_LITERAL_CONVERSION = YES;
				CLANG_WARN_OBJC_ROOT_CLASS = YES_ERROR;
				CLANG_WARN_QUOTED_INCLUDE_IN_FRAMEWORK_HEADER = YES;
				CLANG_WARN_RANGE_LOOP_ANALYSIS = YES;
				CLANG_WARN_STRICT_PROTOTYPES = YES;
				CLANG_WARN_SUSPICIOUS_MOVE = YES;
				CLANG_WARN_UNGUARDED_AVAILABILITY = YES_AGGRESSIVE;
				CLANG_WARN_UNREACHABLE_CODE = YES;
				CLANG_WARN__DUPLICATE_METHOD_MATCH = YES;
				COPY_PHASE_STRIP = NO;
				DEBUG_INFORMATION_FORMAT = "dwarf-with-dsym";
				ENABLE_NS_ASSERTIONS = NO;
				ENABLE_STRICT_OBJC_MSGSEND = YES;
				GCC_C_LANGUAGE_STANDARD = gnu11;
				GCC_NO_COMMON_BLOCKS = YES;
				GCC_WARN_64_TO_32_BIT_CONVERSION = YES;
				GCC_WARN_ABOUT_RETURN_TYPE = YES_ERROR;
				GCC_WARN_UNDECLARED_SELECTOR = YES;
				GCC_WARN_UNINITIALIZED_AUTOS = YES_AGGRESSIVE;
				GCC_WARN_UNUSED_FUNCTION = YES;
				GCC_WARN_UNUSED_VARIABLE = YES;
				IPHONEOS_DEPLOYMENT_TARGET = 15.0;
				MTL_ENABLE_DEBUG_INFO = NO;
				MTL_FAST_MATH = YES;
				SDKROOT = iphoneos;
				SWIFT_COMPILATION_MODE = wholemodule;
				SWIFT_OPTIMIZATION_LEVEL = "-O";
				VALIDATE_PRODUCT = YES;
			};
			name = Release;
		};
		7CD478B527552C30006FF55A /* Debug */ = {
			isa = XCBuildConfiguration;
			buildSettings = {
				ASSETCATALOG_COMPILER_APPICON_NAME = AppIcon;
				ASSETCATALOG_COMPILER_GLOBAL_ACCENT_COLOR_NAME = AccentColor;
				CODE_SIGN_STYLE = Automatic;
				CURRENT_PROJECT_VERSION = 1;
				DEVELOPMENT_ASSET_PATHS = "\"IOSCitySights/Preview Content\"";
				ENABLE_PREVIEWS = YES;
				GENERATE_INFOPLIST_FILE = YES;
				INFOPLIST_KEY_NSLocationWhenInUseUsageDescription = "Grant permission to find restuarants and sights near you";
				INFOPLIST_KEY_UIApplicationSceneManifest_Generation = YES;
				INFOPLIST_KEY_UIApplicationSupportsIndirectInputEvents = YES;
				INFOPLIST_KEY_UILaunchScreen_Generation = YES;
				INFOPLIST_KEY_UISupportedInterfaceOrientations_iPad = "UIInterfaceOrientationPortrait UIInterfaceOrientationPortraitUpsideDown UIInterfaceOrientationLandscapeLeft UIInterfaceOrientationLandscapeRight";
				INFOPLIST_KEY_UISupportedInterfaceOrientations_iPhone = "UIInterfaceOrientationPortrait UIInterfaceOrientationLandscapeLeft UIInterfaceOrientationLandscapeRight";
				LD_RUNPATH_SEARCH_PATHS = (
					"$(inherited)",
					"@executable_path/Frameworks",
				);
				MARKETING_VERSION = 1.0;
				PRODUCT_BUNDLE_IDENTIFIER = "jiwon-hae.IOSCitySight";
				PRODUCT_NAME = "$(TARGET_NAME)";
				SWIFT_EMIT_LOC_STRINGS = YES;
				SWIFT_VERSION = 5.0;
				TARGETED_DEVICE_FAMILY = "1,2";
			};
			name = Debug;
		};
		7CD478B627552C30006FF55A /* Release */ = {
			isa = XCBuildConfiguration;
			buildSettings = {
				ASSETCATALOG_COMPILER_APPICON_NAME = AppIcon;
				ASSETCATALOG_COMPILER_GLOBAL_ACCENT_COLOR_NAME = AccentColor;
				CODE_SIGN_STYLE = Automatic;
				CURRENT_PROJECT_VERSION = 1;
				DEVELOPMENT_ASSET_PATHS = "\"IOSCitySights/Preview Content\"";
				ENABLE_PREVIEWS = YES;
				GENERATE_INFOPLIST_FILE = YES;
				INFOPLIST_KEY_NSLocationWhenInUseUsageDescription = "Grant permission to find restuarants and sights near you";
				INFOPLIST_KEY_UIApplicationSceneManifest_Generation = YES;
				INFOPLIST_KEY_UIApplicationSupportsIndirectInputEvents = YES;
				INFOPLIST_KEY_UILaunchScreen_Generation = YES;
				INFOPLIST_KEY_UISupportedInterfaceOrientations_iPad = "UIInterfaceOrientationPortrait UIInterfaceOrientationPortraitUpsideDown UIInterfaceOrientationLandscapeLeft UIInterfaceOrientationLandscapeRight";
				INFOPLIST_KEY_UISupportedInterfaceOrientations_iPhone = "UIInterfaceOrientationPortrait UIInterfaceOrientationLandscapeLeft UIInterfaceOrientationLandscapeRight";
				LD_RUNPATH_SEARCH_PATHS = (
					"$(inherited)",
					"@executable_path/Frameworks",
				);
				MARKETING_VERSION = 1.0;
				PRODUCT_BUNDLE_IDENTIFIER = "jiwon-hae.IOSCitySight";
				PRODUCT_NAME = "$(TARGET_NAME)";
				SWIFT_EMIT_LOC_STRINGS = YES;
				SWIFT_VERSION = 5.0;
				TARGETED_DEVICE_FAMILY = "1,2";
			};
			name = Release;
		};
		7CD478B827552C30006FF55A /* Debug */ = {
			isa = XCBuildConfiguration;
			buildSettings = {
				ALWAYS_EMBED_SWIFT_STANDARD_LIBRARIES = YES;
				BUNDLE_LOADER = "$(TEST_HOST)";
				CODE_SIGN_STYLE = Automatic;
				CURRENT_PROJECT_VERSION = 1;
				GENERATE_INFOPLIST_FILE = YES;
				IPHONEOS_DEPLOYMENT_TARGET = 15.0;
				LD_RUNPATH_SEARCH_PATHS = (
					"$(inherited)",
					"@executable_path/Frameworks",
					"@loader_path/Frameworks",
				);
				MARKETING_VERSION = 1.0;
				PRODUCT_BUNDLE_IDENTIFIER = "jiwon-hae.IOSCitySightTests";
				PRODUCT_NAME = "$(TARGET_NAME)";
				SWIFT_EMIT_LOC_STRINGS = NO;
				SWIFT_VERSION = 5.0;
				TARGETED_DEVICE_FAMILY = "1,2";
				TEST_HOST = "$(BUILT_PRODUCTS_DIR)/IOSCitySights.app/IOSCitySights";
			};
			name = Debug;
		};
		7CD478B927552C30006FF55A /* Release */ = {
			isa = XCBuildConfiguration;
			buildSettings = {
				ALWAYS_EMBED_SWIFT_STANDARD_LIBRARIES = YES;
				BUNDLE_LOADER = "$(TEST_HOST)";
				CODE_SIGN_STYLE = Automatic;
				CURRENT_PROJECT_VERSION = 1;
				GENERATE_INFOPLIST_FILE = YES;
				IPHONEOS_DEPLOYMENT_TARGET = 15.0;
				LD_RUNPATH_SEARCH_PATHS = (
					"$(inherited)",
					"@executable_path/Frameworks",
					"@loader_path/Frameworks",
				);
				MARKETING_VERSION = 1.0;
				PRODUCT_BUNDLE_IDENTIFIER = "jiwon-hae.IOSCitySightTests";
				PRODUCT_NAME = "$(TARGET_NAME)";
				SWIFT_EMIT_LOC_STRINGS = NO;
				SWIFT_VERSION = 5.0;
				TARGETED_DEVICE_FAMILY = "1,2";
				TEST_HOST = "$(BUILT_PRODUCTS_DIR)/IOSCitySights.app/IOSCitySights";
			};
			name = Release;
		};
		7CD478BB27552C30006FF55A /* Debug */ = {
			isa = XCBuildConfiguration;
			buildSettings = {
				ALWAYS_EMBED_SWIFT_STANDARD_LIBRARIES = YES;
				CODE_SIGN_STYLE = Automatic;
				CURRENT_PROJECT_VERSION = 1;
				GENERATE_INFOPLIST_FILE = YES;
				LD_RUNPATH_SEARCH_PATHS = (
					"$(inherited)",
					"@executable_path/Frameworks",
					"@loader_path/Frameworks",
				);
				MARKETING_VERSION = 1.0;
				PRODUCT_BUNDLE_IDENTIFIER = "jiwon-hae.IOSCitySightUITests";
				PRODUCT_NAME = "$(TARGET_NAME)";
				SWIFT_EMIT_LOC_STRINGS = NO;
				SWIFT_VERSION = 5.0;
				TARGETED_DEVICE_FAMILY = "1,2";
				TEST_TARGET_NAME = IOSCitySight;
			};
			name = Debug;
		};
		7CD478BC27552C30006FF55A /* Release */ = {
			isa = XCBuildConfiguration;
			buildSettings = {
				ALWAYS_EMBED_SWIFT_STANDARD_LIBRARIES = YES;
				CODE_SIGN_STYLE = Automatic;
				CURRENT_PROJECT_VERSION = 1;
				GENERATE_INFOPLIST_FILE = YES;
				LD_RUNPATH_SEARCH_PATHS = (
					"$(inherited)",
					"@executable_path/Frameworks",
					"@loader_path/Frameworks",
				);
				MARKETING_VERSION = 1.0;
				PRODUCT_BUNDLE_IDENTIFIER = "jiwon-hae.IOSCitySightUITests";
				PRODUCT_NAME = "$(TARGET_NAME)";
				SWIFT_EMIT_LOC_STRINGS = NO;
				SWIFT_VERSION = 5.0;
				TARGETED_DEVICE_FAMILY = "1,2";
				TEST_TARGET_NAME = IOSCitySight;
			};
			name = Release;
		};
/* End XCBuildConfiguration section */

/* Begin XCConfigurationList section */
		7CD4788B27552C2D006FF55A /* Build configuration list for PBXProject "IOSCitySights" */ = {
			isa = XCConfigurationList;
			buildConfigurations = (
				7CD478B227552C30006FF55A /* Debug */,
				7CD478B327552C30006FF55A /* Release */,
			);
			defaultConfigurationIsVisible = 0;
			defaultConfigurationName = Release;
		};
		7CD478B427552C30006FF55A /* Build configuration list for PBXNativeTarget "IOSCitySights" */ = {
			isa = XCConfigurationList;
			buildConfigurations = (
				7CD478B527552C30006FF55A /* Debug */,
				7CD478B627552C30006FF55A /* Release */,
			);
			defaultConfigurationIsVisible = 0;
			defaultConfigurationName = Release;
		};
		7CD478B727552C30006FF55A /* Build configuration list for PBXNativeTarget "IOSCitySightsTests" */ = {
			isa = XCConfigurationList;
			buildConfigurations = (
				7CD478B827552C30006FF55A /* Debug */,
				7CD478B927552C30006FF55A /* Release */,
			);
			defaultConfigurationIsVisible = 0;
			defaultConfigurationName = Release;
		};
		7CD478BA27552C30006FF55A /* Build configuration list for PBXNativeTarget "IOSCitySightsUITests" */ = {
			isa = XCConfigurationList;
			buildConfigurations = (
				7CD478BB27552C30006FF55A /* Debug */,
				7CD478BC27552C30006FF55A /* Release */,
			);
			defaultConfigurationIsVisible = 0;
			defaultConfigurationName = Release;
		};
/* End XCConfigurationList section */
	};
	rootObject = 7CD4788827552C2D006FF55A /* Project object */;
}
